// !$*UTF8*$!
{
	archiveVersion = 1;
	classes = {
	};
	objectVersion = 56;
	objects = {

/* Begin PBXBuildFile section */
		B7B31ED129D5C92800DDA642 /* AppDelegate.swift in Sources */ = {isa = PBXBuildFile; fileRef = B7B31ED029D5C92800DDA642 /* AppDelegate.swift */; };
		B7B31ED329D5D3E800DDA642 /* SettingsView.swift in Sources */ = {isa = PBXBuildFile; fileRef = B7B31ED229D5D3E800DDA642 /* SettingsView.swift */; };
		B7B31ED629D5D46600DDA642 /* ViewExtensions.swift in Sources */ = {isa = PBXBuildFile; fileRef = B7B31ED529D5D46600DDA642 /* ViewExtensions.swift */; };
		B7B31ED829D5D4B000DDA642 /* MainTitleComponents.swift in Sources */ = {isa = PBXBuildFile; fileRef = B7B31ED729D5D4B000DDA642 /* MainTitleComponents.swift */; };
		B7B31EDC29D5D75E00DDA642 /* RulesView.swift in Sources */ = {isa = PBXBuildFile; fileRef = B7B31EDB29D5D75E00DDA642 /* RulesView.swift */; };
		B7B31EDE29D5D7D900DDA642 /* CustomComponents.swift in Sources */ = {isa = PBXBuildFile; fileRef = B7B31EDD29D5D7D900DDA642 /* CustomComponents.swift */; };
		B7B31EE229D5E84F00DDA642 /* GameView.swift in Sources */ = {isa = PBXBuildFile; fileRef = B7B31EE129D5E84F00DDA642 /* GameView.swift */; };
		B7B31EE529D5E8C600DDA642 /* GameScene.sks in Resources */ = {isa = PBXBuildFile; fileRef = B7B31EE429D5E8C600DDA642 /* GameScene.sks */; };
		B7D82B0E29D33800006E811E /* PowlingApp.swift in Sources */ = {isa = PBXBuildFile; fileRef = B7D82B0D29D33800006E811E /* PowlingApp.swift */; };
		B7D82B1029D33800006E811E /* MainTitleView.swift in Sources */ = {isa = PBXBuildFile; fileRef = B7D82B0F29D33800006E811E /* MainTitleView.swift */; };
		B7D82B1229D33801006E811E /* Assets.xcassets in Resources */ = {isa = PBXBuildFile; fileRef = B7D82B1129D33801006E811E /* Assets.xcassets */; };
		B7D82B1529D33801006E811E /* Preview Assets.xcassets in Resources */ = {isa = PBXBuildFile; fileRef = B7D82B1429D33801006E811E /* Preview Assets.xcassets */; };
		B7D82B1729D33801006E811E /* Persistence.swift in Sources */ = {isa = PBXBuildFile; fileRef = B7D82B1629D33801006E811E /* Persistence.swift */; };
		B7D82B1A29D33801006E811E /* Powling.xcdatamodeld in Sources */ = {isa = PBXBuildFile; fileRef = B7D82B1829D33801006E811E /* Powling.xcdatamodeld */; };
/* End PBXBuildFile section */

/* Begin PBXFileReference section */
		B7B31ED029D5C92800DDA642 /* AppDelegate.swift */ = {isa = PBXFileReference; lastKnownFileType = sourcecode.swift; path = AppDelegate.swift; sourceTree = "<group>"; };
		B7B31ED229D5D3E800DDA642 /* SettingsView.swift */ = {isa = PBXFileReference; lastKnownFileType = sourcecode.swift; path = SettingsView.swift; sourceTree = "<group>"; };
		B7B31ED529D5D46600DDA642 /* ViewExtensions.swift */ = {isa = PBXFileReference; lastKnownFileType = sourcecode.swift; path = ViewExtensions.swift; sourceTree = "<group>"; };
		B7B31ED729D5D4B000DDA642 /* MainTitleComponents.swift */ = {isa = PBXFileReference; lastKnownFileType = sourcecode.swift; path = MainTitleComponents.swift; sourceTree = "<group>"; };
		B7B31EDB29D5D75E00DDA642 /* RulesView.swift */ = {isa = PBXFileReference; lastKnownFileType = sourcecode.swift; path = RulesView.swift; sourceTree = "<group>"; };
		B7B31EDD29D5D7D900DDA642 /* CustomComponents.swift */ = {isa = PBXFileReference; lastKnownFileType = sourcecode.swift; path = CustomComponents.swift; sourceTree = "<group>"; };
		B7B31EE129D5E84F00DDA642 /* GameView.swift */ = {isa = PBXFileReference; lastKnownFileType = sourcecode.swift; path = GameView.swift; sourceTree = "<group>"; };
		B7B31EE429D5E8C600DDA642 /* GameScene.sks */ = {isa = PBXFileReference; lastKnownFileType = file.sks; path = GameScene.sks; sourceTree = "<group>"; };
		B7D82B0A29D33800006E811E /* Powling.app */ = {isa = PBXFileReference; explicitFileType = wrapper.application; includeInIndex = 0; path = Powling.app; sourceTree = BUILT_PRODUCTS_DIR; };
		B7D82B0D29D33800006E811E /* PowlingApp.swift */ = {isa = PBXFileReference; lastKnownFileType = sourcecode.swift; path = PowlingApp.swift; sourceTree = "<group>"; };
		B7D82B0F29D33800006E811E /* MainTitleView.swift */ = {isa = PBXFileReference; lastKnownFileType = sourcecode.swift; path = MainTitleView.swift; sourceTree = "<group>"; };
		B7D82B1129D33801006E811E /* Assets.xcassets */ = {isa = PBXFileReference; lastKnownFileType = folder.assetcatalog; path = Assets.xcassets; sourceTree = "<group>"; };
		B7D82B1429D33801006E811E /* Preview Assets.xcassets */ = {isa = PBXFileReference; lastKnownFileType = folder.assetcatalog; path = "Preview Assets.xcassets"; sourceTree = "<group>"; };
		B7D82B1629D33801006E811E /* Persistence.swift */ = {isa = PBXFileReference; lastKnownFileType = sourcecode.swift; path = Persistence.swift; sourceTree = "<group>"; };
		B7D82B1929D33801006E811E /* Powling.xcdatamodel */ = {isa = PBXFileReference; lastKnownFileType = wrapper.xcdatamodel; path = Powling.xcdatamodel; sourceTree = "<group>"; };
		B7D82B1B29D33801006E811E /* Info.plist */ = {isa = PBXFileReference; lastKnownFileType = text.plist.xml; path = Info.plist; sourceTree = "<group>"; };
/* End PBXFileReference section */

/* Begin PBXFrameworksBuildPhase section */
		B7D82B0729D33800006E811E /* Frameworks */ = {
			isa = PBXFrameworksBuildPhase;
			buildActionMask = 2147483647;
			files = (
			);
			runOnlyForDeploymentPostprocessing = 0;
		};
/* End PBXFrameworksBuildPhase section */

/* Begin PBXGroup section */
		B7B31ED429D5D45500DDA642 /* Extensions */ = {
			isa = PBXGroup;
			children = (
				B7B31ED529D5D46600DDA642 /* ViewExtensions.swift */,
			);
			path = Extensions;
			sourceTree = "<group>";
		};
		B7B31ED929D5D4B300DDA642 /* Components */ = {
			isa = PBXGroup;
			children = (
				B7B31ED729D5D4B000DDA642 /* MainTitleComponents.swift */,
			);
			path = Components;
			sourceTree = "<group>";
		};
		B7B31EDA29D5D53900DDA642 /* Views */ = {
			isa = PBXGroup;
			children = (
				B7B31EE329D5E8A900DDA642 /* GameView */,
				B7B31ED429D5D45500DDA642 /* Extensions */,
				B7B31ED929D5D4B300DDA642 /* Components */,
				B7B31ED229D5D3E800DDA642 /* SettingsView.swift */,
				B7B31EDB29D5D75E00DDA642 /* RulesView.swift */,
				B7D82B0F29D33800006E811E /* MainTitleView.swift */,
			);
			path = Views;
			sourceTree = "<group>";
		};
		B7B31EE329D5E8A900DDA642 /* GameView */ = {
			isa = PBXGroup;
			children = (
				B7B31EE129D5E84F00DDA642 /* GameView.swift */,
				B7B31EE429D5E8C600DDA642 /* GameScene.sks */,
			);
			path = GameView;
			sourceTree = "<group>";
		};
		B7D82B0129D33800006E811E = {
			isa = PBXGroup;
			children = (
				B7D82B0C29D33800006E811E /* Powling */,
				B7D82B0B29D33800006E811E /* Products */,
			);
			sourceTree = "<group>";
		};
		B7D82B0B29D33800006E811E /* Products */ = {
			isa = PBXGroup;
			children = (
				B7D82B0A29D33800006E811E /* Powling.app */,
			);
			name = Products;
			sourceTree = "<group>";
		};
		B7D82B0C29D33800006E811E /* Powling */ = {
			isa = PBXGroup;
			children = (
				B7B31EDA29D5D53900DDA642 /* Views */,
				B7B31ED029D5C92800DDA642 /* AppDelegate.swift */,
				B7D82B0D29D33800006E811E /* PowlingApp.swift */,
				B7B31EDD29D5D7D900DDA642 /* CustomComponents.swift */,
				B7D82B1129D33801006E811E /* Assets.xcassets */,
				B7D82B1629D33801006E811E /* Persistence.swift */,
				B7D82B1B29D33801006E811E /* Info.plist */,
				B7D82B1829D33801006E811E /* Powling.xcdatamodeld */,
				B7D82B1329D33801006E811E /* Preview Content */,
			);
			path = Powling;
			sourceTree = "<group>";
		};
		B7D82B1329D33801006E811E /* Preview Content */ = {
			isa = PBXGroup;
			children = (
				B7D82B1429D33801006E811E /* Preview Assets.xcassets */,
			);
			path = "Preview Content";
			sourceTree = "<group>";
		};
/* End PBXGroup section */

/* Begin PBXNativeTarget section */
		B7D82B0929D33800006E811E /* Powling */ = {
			isa = PBXNativeTarget;
			buildConfigurationList = B7D82B1E29D33801006E811E /* Build configuration list for PBXNativeTarget "Powling" */;
			buildPhases = (
				B7D82B0629D33800006E811E /* Sources */,
				B7D82B0729D33800006E811E /* Frameworks */,
				B7D82B0829D33800006E811E /* Resources */,
			);
			buildRules = (
			);
			dependencies = (
			);
			name = Powling;
			productName = Powling;
			productReference = B7D82B0A29D33800006E811E /* Powling.app */;
			productType = "com.apple.product-type.application";
		};
/* End PBXNativeTarget section */

/* Begin PBXProject section */
		B7D82B0229D33800006E811E /* Project object */ = {
			isa = PBXProject;
			attributes = {
				BuildIndependentTargetsInParallel = 1;
				LastSwiftUpdateCheck = 1420;
				LastUpgradeCheck = 1420;
				TargetAttributes = {
					B7D82B0929D33800006E811E = {
						CreatedOnToolsVersion = 14.2;
					};
				};
			};
			buildConfigurationList = B7D82B0529D33800006E811E /* Build configuration list for PBXProject "Powling" */;
			compatibilityVersion = "Xcode 14.0";
			developmentRegion = en;
			hasScannedForEncodings = 0;
			knownRegions = (
				en,
				Base,
			);
			mainGroup = B7D82B0129D33800006E811E;
			productRefGroup = B7D82B0B29D33800006E811E /* Products */;
			projectDirPath = "";
			projectRoot = "";
			targets = (
				B7D82B0929D33800006E811E /* Powling */,
			);
		};
/* End PBXProject section */

/* Begin PBXResourcesBuildPhase section */
		B7D82B0829D33800006E811E /* Resources */ = {
			isa = PBXResourcesBuildPhase;
			buildActionMask = 2147483647;
			files = (
				B7B31EE529D5E8C600DDA642 /* GameScene.sks in Resources */,
				B7D82B1529D33801006E811E /* Preview Assets.xcassets in Resources */,
				B7D82B1229D33801006E811E /* Assets.xcassets in Resources */,
			);
			runOnlyForDeploymentPostprocessing = 0;
		};
/* End PBXResourcesBuildPhase section */

/* Begin PBXSourcesBuildPhase section */
		B7D82B0629D33800006E811E /* Sources */ = {
			isa = PBXSourcesBuildPhase;
			buildActionMask = 2147483647;
			files = (
				B7B31ED829D5D4B000DDA642 /* MainTitleComponents.swift in Sources */,
				B7B31ED329D5D3E800DDA642 /* SettingsView.swift in Sources */,
				B7B31ED629D5D46600DDA642 /* ViewExtensions.swift in Sources */,
				B7D82B1A29D33801006E811E /* Powling.xcdatamodeld in Sources */,
				B7B31EDE29D5D7D900DDA642 /* CustomComponents.swift in Sources */,
				B7B31EE229D5E84F00DDA642 /* GameView.swift in Sources */,
				B7D82B1729D33801006E811E /* Persistence.swift in Sources */,
				B7B31EDC29D5D75E00DDA642 /* RulesView.swift in Sources */,
				B7D82B1029D33800006E811E /* MainTitleView.swift in Sources */,
				B7B31ED129D5C92800DDA642 /* AppDelegate.swift in Sources */,
				B7D82B0E29D33800006E811E /* PowlingApp.swift in Sources */,
			);
			runOnlyForDeploymentPostprocessing = 0;
		};
/* End PBXSourcesBuildPhase section */

/* Begin XCBuildConfiguration section */
		B7D82B1C29D33801006E811E /* Debug */ = {
			isa = XCBuildConfiguration;
			buildSettings = {
				ALWAYS_SEARCH_USER_PATHS = NO;
				CLANG_ANALYZER_NONNULL = YES;
				CLANG_ANALYZER_NUMBER_OBJECT_CONVERSION = YES_AGGRESSIVE;
				CLANG_CXX_LANGUAGE_STANDARD = "gnu++20";
				CLANG_ENABLE_MODULES = YES;
				CLANG_ENABLE_OBJC_ARC = YES;
				CLANG_ENABLE_OBJC_WEAK = YES;
				CLANG_WARN_BLOCK_CAPTURE_AUTORELEASING = YES;
				CLANG_WARN_BOOL_CONVERSION = YES;
				CLANG_WARN_COMMA = YES;
				CLANG_WARN_CONSTANT_CONVERSION = YES;
				CLANG_WARN_DEPRECATED_OBJC_IMPLEMENTATIONS = YES;
				CLANG_WARN_DIRECT_OBJC_ISA_USAGE = YES_ERROR;
				CLANG_WARN_DOCUMENTATION_COMMENTS = YES;
				CLANG_WARN_EMPTY_BODY = YES;
				CLANG_WARN_ENUM_CONVERSION = YES;
				CLANG_WARN_INFINITE_RECURSION = YES;
				CLANG_WARN_INT_CONVERSION = YES;
				CLANG_WARN_NON_LITERAL_NULL_CONVERSION = YES;
				CLANG_WARN_OBJC_IMPLICIT_RETAIN_SELF = YES;
				CLANG_WARN_OBJC_LITERAL_CONVERSION = YES;
				CLANG_WARN_OBJC_ROOT_CLASS = YES_ERROR;
				CLANG_WARN_QUOTED_INCLUDE_IN_FRAMEWORK_HEADER = YES;
				CLANG_WARN_RANGE_LOOP_ANALYSIS = YES;
				CLANG_WARN_STRICT_PROTOTYPES = YES;
				CLANG_WARN_SUSPICIOUS_MOVE = YES;
				CLANG_WARN_UNGUARDED_AVAILABILITY = YES_AGGRESSIVE;
				CLANG_WARN_UNREACHABLE_CODE = YES;
				CLANG_WARN__DUPLICATE_METHOD_MATCH = YES;
				COPY_PHASE_STRIP = NO;
				DEBUG_INFORMATION_FORMAT = dwarf;
				ENABLE_STRICT_OBJC_MSGSEND = YES;
				ENABLE_TESTABILITY = YES;
				GCC_C_LANGUAGE_STANDARD = gnu11;
				GCC_DYNAMIC_NO_PIC = NO;
				GCC_NO_COMMON_BLOCKS = YES;
				GCC_OPTIMIZATION_LEVEL = 0;
				GCC_PREPROCESSOR_DEFINITIONS = (
					"DEBUG=1",
					"$(inherited)",
				);
				GCC_WARN_64_TO_32_BIT_CONVERSION = YES;
				GCC_WARN_ABOUT_RETURN_TYPE = YES_ERROR;
				GCC_WARN_UNDECLARED_SELECTOR = YES;
				GCC_WARN_UNINITIALIZED_AUTOS = YES_AGGRESSIVE;
				GCC_WARN_UNUSED_FUNCTION = YES;
				GCC_WARN_UNUSED_VARIABLE = YES;
				IPHONEOS_DEPLOYMENT_TARGET = 16.2;
				MTL_ENABLE_DEBUG_INFO = INCLUDE_SOURCE;
				MTL_FAST_MATH = YES;
				ONLY_ACTIVE_ARCH = YES;
				SDKROOT = iphoneos;
				SWIFT_ACTIVE_COMPILATION_CONDITIONS = DEBUG;
				SWIFT_OPTIMIZATION_LEVEL = "-Onone";
			};
			name = Debug;
		};
		B7D82B1D29D33801006E811E /* Release */ = {
			isa = XCBuildConfiguration;
			buildSettings = {
				ALWAYS_SEARCH_USER_PATHS = NO;
				CLANG_ANALYZER_NONNULL = YES;
				CLANG_ANALYZER_NUMBER_OBJECT_CONVERSION = YES_AGGRESSIVE;
				CLANG_CXX_LANGUAGE_STANDARD = "gnu++20";
				CLANG_ENABLE_MODULES = YES;
				CLANG_ENABLE_OBJC_ARC = YES;
				CLANG_ENABLE_OBJC_WEAK = YES;
				CLANG_WARN_BLOCK_CAPTURE_AUTORELEASING = YES;
				CLANG_WARN_BOOL_CONVERSION = YES;
				CLANG_WARN_COMMA = YES;
				CLANG_WARN_CONSTANT_CONVERSION = YES;
				CLANG_WARN_DEPRECATED_OBJC_IMPLEMENTATIONS = YES;
				CLANG_WARN_DIRECT_OBJC_ISA_USAGE = YES_ERROR;
				CLANG_WARN_DOCUMENTATION_COMMENTS = YES;
				CLANG_WARN_EMPTY_BODY = YES;
				CLANG_WARN_ENUM_CONVERSION = YES;
				CLANG_WARN_INFINITE_RECURSION = YES;
				CLANG_WARN_INT_CONVERSION = YES;
				CLANG_WARN_NON_LITERAL_NULL_CONVERSION = YES;
				CLANG_WARN_OBJC_IMPLICIT_RETAIN_SELF = YES;
				CLANG_WARN_OBJC_LITERAL_CONVERSION = YES;
				CLANG_WARN_OBJC_ROOT_CLASS = YES_ERROR;
				CLANG_WARN_QUOTED_INCLUDE_IN_FRAMEWORK_HEADER = YES;
				CLANG_WARN_RANGE_LOOP_ANALYSIS = YES;
				CLANG_WARN_STRICT_PROTOTYPES = YES;
				CLANG_WARN_SUSPICIOUS_MOVE = YES;
				CLANG_WARN_UNGUARDED_AVAILABILITY = YES_AGGRESSIVE;
				CLANG_WARN_UNREACHABLE_CODE = YES;
				CLANG_WARN__DUPLICATE_METHOD_MATCH = YES;
				COPY_PHASE_STRIP = NO;
				DEBUG_INFORMATION_FORMAT = "dwarf-with-dsym";
				ENABLE_NS_ASSERTIONS = NO;
				ENABLE_STRICT_OBJC_MSGSEND = YES;
				GCC_C_LANGUAGE_STANDARD = gnu11;
				GCC_NO_COMMON_BLOCKS = YES;
				GCC_WARN_64_TO_32_BIT_CONVERSION = YES;
				GCC_WARN_ABOUT_RETURN_TYPE = YES_ERROR;
				GCC_WARN_UNDECLARED_SELECTOR = YES;
				GCC_WARN_UNINITIALIZED_AUTOS = YES_AGGRESSIVE;
				GCC_WARN_UNUSED_FUNCTION = YES;
				GCC_WARN_UNUSED_VARIABLE = YES;
				IPHONEOS_DEPLOYMENT_TARGET = 16.2;
				MTL_ENABLE_DEBUG_INFO = NO;
				MTL_FAST_MATH = YES;
				SDKROOT = iphoneos;
				SWIFT_COMPILATION_MODE = wholemodule;
				SWIFT_OPTIMIZATION_LEVEL = "-O";
				VALIDATE_PRODUCT = YES;
			};
			name = Release;
		};
		B7D82B1F29D33801006E811E /* Debug */ = {
			isa = XCBuildConfiguration;
			buildSettings = {
				ASSETCATALOG_COMPILER_APPICON_NAME = AppIcon;
				ASSETCATALOG_COMPILER_GLOBAL_ACCENT_COLOR_NAME = AccentColor;
				CODE_SIGN_STYLE = Automatic;
				CURRENT_PROJECT_VERSION = 1;
				DEVELOPMENT_ASSET_PATHS = "\"Powling/Preview Content\"";
				DEVELOPMENT_TEAM = YWUZ5CD858;
				ENABLE_PREVIEWS = YES;
				GENERATE_INFOPLIST_FILE = YES;
				INFOPLIST_FILE = Powling/Info.plist;
				INFOPLIST_KEY_UIApplicationSceneManifest_Generation = YES;
				INFOPLIST_KEY_UIApplicationSupportsIndirectInputEvents = YES;
				INFOPLIST_KEY_UISupportedInterfaceOrientations_iPad = "UIInterfaceOrientationPortrait UIInterfaceOrientationPortraitUpsideDown UIInterfaceOrientationLandscapeLeft UIInterfaceOrientationLandscapeRight";
				INFOPLIST_KEY_UISupportedInterfaceOrientations_iPhone = "UIInterfaceOrientationPortrait UIInterfaceOrientationLandscapeLeft UIInterfaceOrientationLandscapeRight";
				LD_RUNPATH_SEARCH_PATHS = (
					"$(inherited)",
					"@executable_path/Frameworks",
				);
				MARKETING_VERSION = 1.0;
				PRODUCT_BUNDLE_IDENTIFIER = com.vitpic.Powling;
				PRODUCT_NAME = "$(TARGET_NAME)";
				SWIFT_EMIT_LOC_STRINGS = YES;
				SWIFT_VERSION = 5.0;
				TARGETED_DEVICE_FAMILY = "1,2";
			};
			name = Debug;
		};
		B7D82B2029D33801006E811E /* Release */ = {
			isa = XCBuildConfiguration;
			buildSettings = {
				ASSETCATALOG_COMPILER_APPICON_NAME = AppIcon;
				ASSETCATALOG_COMPILER_GLOBAL_ACCENT_COLOR_NAME = AccentColor;
				CODE_SIGN_STYLE = Automatic;
				CURRENT_PROJECT_VERSION = 1;
				DEVELOPMENT_ASSET_PATHS = "\"Powling/Preview Content\"";
				DEVELOPMENT_TEAM = YWUZ5CD858;
				ENABLE_PREVIEWS = YES;
				GENERATE_INFOPLIST_FILE = YES;
				INFOPLIST_FILE = Powling/Info.plist;
				INFOPLIST_KEY_UIApplicationSceneManifest_Generation = YES;
				INFOPLIST_KEY_UIApplicationSupportsIndirectInputEvents = YES;
				INFOPLIST_KEY_UISupportedInterfaceOrientations_iPad = "UIInterfaceOrientationPortrait UIInterfaceOrientationPortraitUpsideDown UIInterfaceOrientationLandscapeLeft UIInterfaceOrientationLandscapeRight";
				INFOPLIST_KEY_UISupportedInterfaceOrientations_iPhone = "UIInterfaceOrientationPortrait UIInterfaceOrientationLandscapeLeft UIInterfaceOrientationLandscapeRight";
				LD_RUNPATH_SEARCH_PATHS = (
					"$(inherited)",
					"@executable_path/Frameworks",
				);
				MARKETING_VERSION = 1.0;
				PRODUCT_BUNDLE_IDENTIFIER = com.vitpic.Powling;
				PRODUCT_NAME = "$(TARGET_NAME)";
				SWIFT_EMIT_LOC_STRINGS = YES;
				SWIFT_VERSION = 5.0;
				TARGETED_DEVICE_FAMILY = "1,2";
			};
			name = Release;
		};
/* End XCBuildConfiguration section */

/* Begin XCConfigurationList section */
		B7D82B0529D33800006E811E /* Build configuration list for PBXProject "Powling" */ = {
			isa = XCConfigurationList;
			buildConfigurations = (
				B7D82B1C29D33801006E811E /* Debug */,
				B7D82B1D29D33801006E811E /* Release */,
			);
			defaultConfigurationIsVisible = 0;
			defaultConfigurationName = Release;
		};
		B7D82B1E29D33801006E811E /* Build configuration list for PBXNativeTarget "Powling" */ = {
			isa = XCConfigurationList;
			buildConfigurations = (
				B7D82B1F29D33801006E811E /* Debug */,
				B7D82B2029D33801006E811E /* Release */,
			);
			defaultConfigurationIsVisible = 0;
			defaultConfigurationName = Release;
		};
/* End XCConfigurationList section */

/* Begin XCVersionGroup section */
		B7D82B1829D33801006E811E /* Powling.xcdatamodeld */ = {
			isa = XCVersionGroup;
			children = (
				B7D82B1929D33801006E811E /* Powling.xcdatamodel */,
			);
			currentVersion = B7D82B1929D33801006E811E /* Powling.xcdatamodel */;
			path = Powling.xcdatamodeld;
			sourceTree = "<group>";
			versionGroupType = wrapper.xcdatamodel;
		};
/* End XCVersionGroup section */
	};
	rootObject = B7D82B0229D33800006E811E /* Project object */;
}
